{
  "version": "4",
  "specifiers": {
    "jsr:@std/fs@^1.0.17": "1.0.17",
    "jsr:@std/path@^1.0.9": "1.0.9"
  },
  "jsr": {
    "@std/fs@1.0.17": {
      "integrity": "1c00c632677c1158988ef7a004cb16137f870aafdb8163b9dce86ec652f3952b",
      "dependencies": [
        "jsr:@std/path"
      ]
    },
    "@std/path@1.0.9": {
      "integrity": "260a49f11edd3db93dd38350bf9cd1b4d1366afa98e81b86167b4e3dd750129e"
    }
  },
  "workspace": {
    "dependencies": [
      "jsr:@std/assert@^1.0.13",
      "jsr:@std/fs@^1.0.17",
      "jsr:@std/path@^1.0.9",
      "jsr:@std/testing@^1.0.11"
    ]
  }
}
